
Microsoft Visual Studio Solution File, Format Version 12.00
# Visual Studio Version 17
VisualStudioVersion = 17.14.36603.0 d17.14
MinimumVisualStudioVersion = 10.0.40219.1
Project("{FAE04EC0-301F-11D3-BF4B-00C04F79EFBC}") = "SharedModels", "SharedModels\SharedModels.csproj", "{08015D4D-004A-45BA-8E3F-7A7AFDD57974}"
EndProject
Project("{FAE04EC0-301F-11D3-BF4B-00C04F79EFBC}") = "AiService", "AiService\AiService.csproj", "{0CE0BDD1-F2C9-47F5-BDFF-F3682FBA0998}"
EndProject
Project("{FAE04EC0-301F-11D3-BF4B-00C04F79EFBC}") = "PermutationService", "PermutationService\PermutationService.csproj", "{8A2C471E-7400-4CDE-B1BE-023608541379}"
EndProject
Project("{FAE04EC0-301F-11D3-BF4B-00C04F79EFBC}") = "FibonacciService", "FibonacciService\FibonacciService.csproj", "{129B85AC-C4D9-4DFD-8613-B830EDF10930}"
EndProject
Project("{FAE04EC0-301F-11D3-BF4B-00C04F79EFBC}") = "DifferentialEquationsService", "DifferentialEquationsService\DifferentialEquationsService.csproj", "{F5EF36BA-7BE8-4AAF-BEDD-8573C0D82BF3}"
EndProject
Project("{FAE04EC0-301F-11D3-BF4B-00C04F79EFBC}") = "IntegrationService", "IntegrationService\IntegrationService.csproj", "{DF238C29-C560-47B0-B134-9D3A664E0452}"
EndProject
Project("{FAE04EC0-301F-11D3-BF4B-00C04F79EFBC}") = "VideoService", "VideoService\VideoService.csproj", "{87287724-6627-4A0B-A3DA-B98E5E3B17E5}"
EndProject
Project("{FAE04EC0-301F-11D3-BF4B-00C04F79EFBC}") = "DigitalFiltersService", "DigitalFiltersService\DigitalFiltersService.csproj", "{BD207355-3982-4DAC-B918-853E4B35C103}"
EndProject
Project("{FAE04EC0-301F-11D3-BF4B-00C04F79EFBC}") = "Gateway", "Gateway\Gateway.csproj", "{2A5F4253-3838-4FDE-B47C-AB1D227D5469}"
EndProject
Global
	GlobalSection(SolutionConfigurationPlatforms) = preSolution
		Debug|Any CPU = Debug|Any CPU
		Release|Any CPU = Release|Any CPU
	EndGlobalSection
	GlobalSection(ProjectConfigurationPlatforms) = postSolution
		{08015D4D-004A-45BA-8E3F-7A7AFDD57974}.Debug|Any CPU.ActiveCfg = Debug|Any CPU
		{08015D4D-004A-45BA-8E3F-7A7AFDD57974}.Debug|Any CPU.Build.0 = Debug|Any CPU
		{08015D4D-004A-45BA-8E3F-7A7AFDD57974}.Release|Any CPU.ActiveCfg = Release|Any CPU
		{08015D4D-004A-45BA-8E3F-7A7AFDD57974}.Release|Any CPU.Build.0 = Release|Any CPU
		{0CE0BDD1-F2C9-47F5-BDFF-F3682FBA0998}.Debug|Any CPU.ActiveCfg = Debug|Any CPU
		{0CE0BDD1-F2C9-47F5-BDFF-F3682FBA0998}.Debug|Any CPU.Build.0 = Debug|Any CPU
		{0CE0BDD1-F2C9-47F5-BDFF-F3682FBA0998}.Release|Any CPU.ActiveCfg = Release|Any CPU
		{0CE0BDD1-F2C9-47F5-BDFF-F3682FBA0998}.Release|Any CPU.Build.0 = Release|Any CPU
		{8A2C471E-7400-4CDE-B1BE-023608541379}.Debug|Any CPU.ActiveCfg = Debug|Any CPU
		{8A2C471E-7400-4CDE-B1BE-023608541379}.Debug|Any CPU.Build.0 = Debug|Any CPU
		{8A2C471E-7400-4CDE-B1BE-023608541379}.Release|Any CPU.ActiveCfg = Release|Any CPU
		{8A2C471E-7400-4CDE-B1BE-023608541379}.Release|Any CPU.Build.0 = Release|Any CPU
		{129B85AC-C4D9-4DFD-8613-B830EDF10930}.Debug|Any CPU.ActiveCfg = Debug|Any CPU
		{129B85AC-C4D9-4DFD-8613-B830EDF10930}.Debug|Any CPU.Build.0 = Debug|Any CPU
		{129B85AC-C4D9-4DFD-8613-B830EDF10930}.Release|Any CPU.ActiveCfg = Release|Any CPU
		{129B85AC-C4D9-4DFD-8613-B830EDF10930}.Release|Any CPU.Build.0 = Release|Any CPU
		{F5EF36BA-7BE8-4AAF-BEDD-8573C0D82BF3}.Debug|Any CPU.ActiveCfg = Debug|Any CPU
		{F5EF36BA-7BE8-4AAF-BEDD-8573C0D82BF3}.Debug|Any CPU.Build.0 = Debug|Any CPU
		{F5EF36BA-7BE8-4AAF-BEDD-8573C0D82BF3}.Release|Any CPU.ActiveCfg = Release|Any CPU
		{F5EF36BA-7BE8-4AAF-BEDD-8573C0D82BF3}.Release|Any CPU.Build.0 = Release|Any CPU
		{DF238C29-C560-47B0-B134-9D3A664E0452}.Debug|Any CPU.ActiveCfg = Debug|Any CPU
		{DF238C29-C560-47B0-B134-9D3A664E0452}.Debug|Any CPU.Build.0 = Debug|Any CPU
		{DF238C29-C560-47B0-B134-9D3A664E0452}.Release|Any CPU.ActiveCfg = Release|Any CPU
		{DF238C29-C560-47B0-B134-9D3A664E0452}.Release|Any CPU.Build.0 = Release|Any CPU
		{87287724-6627-4A0B-A3DA-B98E5E3B17E5}.Debug|Any CPU.ActiveCfg = Debug|Any CPU
		{87287724-6627-4A0B-A3DA-B98E5E3B17E5}.Debug|Any CPU.Build.0 = Debug|Any CPU
		{87287724-6627-4A0B-A3DA-B98E5E3B17E5}.Release|Any CPU.ActiveCfg = Release|Any CPU
		{87287724-6627-4A0B-A3DA-B98E5E3B17E5}.Release|Any CPU.Build.0 = Release|Any CPU
		{BD207355-3982-4DAC-B918-853E4B35C103}.Debug|Any CPU.ActiveCfg = Debug|Any CPU
		{BD207355-3982-4DAC-B918-853E4B35C103}.Debug|Any CPU.Build.0 = Debug|Any CPU
		{BD207355-3982-4DAC-B918-853E4B35C103}.Release|Any CPU.ActiveCfg = Release|Any CPU
		{BD207355-3982-4DAC-B918-853E4B35C103}.Release|Any CPU.Build.0 = Release|Any CPU
		{2A5F4253-3838-4FDE-B47C-AB1D227D5469}.Debug|Any CPU.ActiveCfg = Debug|Any CPU
		{2A5F4253-3838-4FDE-B47C-AB1D227D5469}.Debug|Any CPU.Build.0 = Debug|Any CPU
		{2A5F4253-3838-4FDE-B47C-AB1D227D5469}.Release|Any CPU.ActiveCfg = Release|Any CPU
		{2A5F4253-3838-4FDE-B47C-AB1D227D5469}.Release|Any CPU.Build.0 = Release|Any CPU
	EndGlobalSection
	GlobalSection(SolutionProperties) = preSolution
		HideSolutionNode = FALSE
	EndGlobalSection
	GlobalSection(ExtensibilityGlobals) = postSolution
		SolutionGuid = {5C1E0257-C7AA-4C13-9E72-4ECE2145E284}
	EndGlobalSection
EndGlobal
